
Microsoft Visual Studio Solution File, Format Version 11.00
# Visual Studio 2010
Project("{FAE04EC0-301F-11D3-BF4B-00C04F79EFBC}") = "Joistick", "Joistick\Joistick\Joistick.csproj", "{277ABA0C-BA8B-4C5B-AF3D-1B67610DBB89}"
EndProject
Project("{FAE04EC0-301F-11D3-BF4B-00C04F79EFBC}") = "JoistickLib", "Joistick\JoistickLib\JoistickLib.csproj", "{B0FD0403-458C-4388-87B8-09CBA3E5D1E2}"
EndProject
Project("{96E2B04D-8817-42C6-938A-82C39BA4D311}") = "JoistickLibContent", "Joistick\JoistickLibContent\JoistickLibContent.contentproj", "{95DBCD41-764E-4224-81AE-5012AF6B9AC6}"
EndProject
Global
	GlobalSection(SolutionConfigurationPlatforms) = preSolution
		Debug|Any CPU = Debug|Any CPU
		Debug|Mixed Platforms = Debug|Mixed Platforms
		Debug|Windows Phone = Debug|Windows Phone
		Release|Any CPU = Release|Any CPU
		Release|Mixed Platforms = Release|Mixed Platforms
		Release|Windows Phone = Release|Windows Phone
	EndGlobalSection
	GlobalSection(ProjectConfigurationPlatforms) = postSolution
		{277ABA0C-BA8B-4C5B-AF3D-1B67610DBB89}.Debug|Any CPU.ActiveCfg = Debug|Any CPU
		{277ABA0C-BA8B-4C5B-AF3D-1B67610DBB89}.Debug|Any CPU.Build.0 = Debug|Any CPU
		{277ABA0C-BA8B-4C5B-AF3D-1B67610DBB89}.Debug|Any CPU.Deploy.0 = Debug|Any CPU
		{277ABA0C-BA8B-4C5B-AF3D-1B67610DBB89}.Debug|Mixed Platforms.ActiveCfg = Debug|Any CPU
		{277ABA0C-BA8B-4C5B-AF3D-1B67610DBB89}.Debug|Mixed Platforms.Build.0 = Debug|Any CPU
		{277ABA0C-BA8B-4C5B-AF3D-1B67610DBB89}.Debug|Mixed Platforms.Deploy.0 = Debug|Any CPU
		{277ABA0C-BA8B-4C5B-AF3D-1B67610DBB89}.Debug|Windows Phone.ActiveCfg = Debug|Any CPU
		{277ABA0C-BA8B-4C5B-AF3D-1B67610DBB89}.Release|Any CPU.ActiveCfg = Release|Any CPU
		{277ABA0C-BA8B-4C5B-AF3D-1B67610DBB89}.Release|Any CPU.Build.0 = Release|Any CPU
		{277ABA0C-BA8B-4C5B-AF3D-1B67610DBB89}.Release|Any CPU.Deploy.0 = Release|Any CPU
		{277ABA0C-BA8B-4C5B-AF3D-1B67610DBB89}.Release|Mixed Platforms.ActiveCfg = Release|Any CPU
		{277ABA0C-BA8B-4C5B-AF3D-1B67610DBB89}.Release|Mixed Platforms.Build.0 = Release|Any CPU
		{277ABA0C-BA8B-4C5B-AF3D-1B67610DBB89}.Release|Mixed Platforms.Deploy.0 = Release|Any CPU
		{277ABA0C-BA8B-4C5B-AF3D-1B67610DBB89}.Release|Windows Phone.ActiveCfg = Release|Any CPU
		{B0FD0403-458C-4388-87B8-09CBA3E5D1E2}.Debug|Any CPU.ActiveCfg = Debug|Windows Phone
		{B0FD0403-458C-4388-87B8-09CBA3E5D1E2}.Debug|Mixed Platforms.ActiveCfg = Debug|Windows Phone
		{B0FD0403-458C-4388-87B8-09CBA3E5D1E2}.Debug|Mixed Platforms.Build.0 = Debug|Windows Phone
		{B0FD0403-458C-4388-87B8-09CBA3E5D1E2}.Debug|Windows Phone.ActiveCfg = Debug|Windows Phone
		{B0FD0403-458C-4388-87B8-09CBA3E5D1E2}.Debug|Windows Phone.Build.0 = Debug|Windows Phone
		{B0FD0403-458C-4388-87B8-09CBA3E5D1E2}.Release|Any CPU.ActiveCfg = Release|Windows Phone
		{B0FD0403-458C-4388-87B8-09CBA3E5D1E2}.Release|Mixed Platforms.ActiveCfg = Release|Windows Phone
		{B0FD0403-458C-4388-87B8-09CBA3E5D1E2}.Release|Mixed Platforms.Build.0 = Release|Windows Phone
		{B0FD0403-458C-4388-87B8-09CBA3E5D1E2}.Release|Windows Phone.ActiveCfg = Release|Windows Phone
		{B0FD0403-458C-4388-87B8-09CBA3E5D1E2}.Release|Windows Phone.Build.0 = Release|Windows Phone
		{95DBCD41-764E-4224-81AE-5012AF6B9AC6}.Debug|Any CPU.ActiveCfg = Debug|Any CPU
		{95DBCD41-764E-4224-81AE-5012AF6B9AC6}.Debug|Mixed Platforms.ActiveCfg = Debug|Any CPU
		{95DBCD41-764E-4224-81AE-5012AF6B9AC6}.Debug|Windows Phone.ActiveCfg = Debug|Any CPU
		{95DBCD41-764E-4224-81AE-5012AF6B9AC6}.Release|Any CPU.ActiveCfg = Debug|Any CPU
		{95DBCD41-764E-4224-81AE-5012AF6B9AC6}.Release|Mixed Platforms.ActiveCfg = Debug|Any CPU
		{95DBCD41-764E-4224-81AE-5012AF6B9AC6}.Release|Windows Phone.ActiveCfg = Debug|Any CPU
	EndGlobalSection
	GlobalSection(SolutionProperties) = preSolution
		HideSolutionNode = FALSE
	EndGlobalSection
EndGlobal
